
Microsoft Visual Studio Solution File, Format Version 12.00
# Visual Studio Version 16
VisualStudioVersion = 16.0.29509.3
MinimumVisualStudioVersion = 10.0.40219.1
Project("{FAE04EC0-301F-11D3-BF4B-00C04F79EFBC}") = "BrainFuck", "BrainFuck\BrainFuck.csproj", "{D25D39DB-0184-43A1-A030-D3FF0E02B0ED}"
EndProject
Project("{FAE04EC0-301F-11D3-BF4B-00C04F79EFBC}") = "BrainFuck.TestRunner", "BrainFuck.TestRunner\BrainFuck.TestRunner.csproj", "{16CDE450-1450-4BDC-8116-B6C341BDD062}"
EndProject
Global
	GlobalSection(SolutionConfigurationPlatforms) = preSolution
		Debug|Any CPU = Debug|Any CPU
		Release|Any CPU = Release|Any CPU
	EndGlobalSection
	GlobalSection(ProjectConfigurationPlatforms) = postSolution
		{D25D39DB-0184-43A1-A030-D3FF0E02B0ED}.Debug|Any CPU.ActiveCfg = Debug|Any CPU
		{D25D39DB-0184-43A1-A030-D3FF0E02B0ED}.Debug|Any CPU.Build.0 = Debug|Any CPU
		{D25D39DB-0184-43A1-A030-D3FF0E02B0ED}.Release|Any CPU.ActiveCfg = Release|Any CPU
		{D25D39DB-0184-43A1-A030-D3FF0E02B0ED}.Release|Any CPU.Build.0 = Release|Any CPU
		{16CDE450-1450-4BDC-8116-B6C341BDD062}.Debug|Any CPU.ActiveCfg = Debug|Any CPU
		{16CDE450-1450-4BDC-8116-B6C341BDD062}.Debug|Any CPU.Build.0 = Debug|Any CPU
		{16CDE450-1450-4BDC-8116-B6C341BDD062}.Release|Any CPU.ActiveCfg = Release|Any CPU
		{16CDE450-1450-4BDC-8116-B6C341BDD062}.Release|Any CPU.Build.0 = Release|Any CPU
	EndGlobalSection
	GlobalSection(SolutionProperties) = preSolution
		HideSolutionNode = FALSE
	EndGlobalSection
	GlobalSection(ExtensibilityGlobals) = postSolution
		SolutionGuid = {D73AD98D-9C1C-49AC-A839-377EAFA5EFD6}
	EndGlobalSection
EndGlobal
